
Microsoft Visual Studio Solution File, Format Version 12.00
# Visual Studio Version 17
VisualStudioVersion = 17.6.33717.318
MinimumVisualStudioVersion = 10.0.40219.1
Project("{9A19103F-16F7-4668-BE54-9A1E7A4F7556}") = "Competency.API", "Competency.API.csproj", "{E2252455-9BC3-4657-B636-206767D4D00B}"
EndProject
Project("{9A19103F-16F7-4668-BE54-9A1E7A4F7556}") = "AzureStorageLibrary", "..\AzureStorageLibrary\AzureStorageLibrary.csproj", "{43A4CB77-38CC-4EFC-8F1B-0391420C19B7}"
EndProject
Global
	GlobalSection(SolutionConfigurationPlatforms) = preSolution
		Debug|Any CPU = Debug|Any CPU
		Release|Any CPU = Release|Any CPU
	EndGlobalSection
	GlobalSection(ProjectConfigurationPlatforms) = postSolution
		{E2252455-9BC3-4657-B636-206767D4D00B}.Debug|Any CPU.ActiveCfg = Debug|Any CPU
		{E2252455-9BC3-4657-B636-206767D4D00B}.Debug|Any CPU.Build.0 = Debug|Any CPU
		{E2252455-9BC3-4657-B636-206767D4D00B}.Release|Any CPU.ActiveCfg = Release|Any CPU
		{E2252455-9BC3-4657-B636-206767D4D00B}.Release|Any CPU.Build.0 = Release|Any CPU
		{43A4CB77-38CC-4EFC-8F1B-0391420C19B7}.Debug|Any CPU.ActiveCfg = Debug|Any CPU
		{43A4CB77-38CC-4EFC-8F1B-0391420C19B7}.Debug|Any CPU.Build.0 = Debug|Any CPU
		{43A4CB77-38CC-4EFC-8F1B-0391420C19B7}.Release|Any CPU.ActiveCfg = Release|Any CPU
		{43A4CB77-38CC-4EFC-8F1B-0391420C19B7}.Release|Any CPU.Build.0 = Release|Any CPU
	EndGlobalSection
	GlobalSection(SolutionProperties) = preSolution
		HideSolutionNode = FALSE
	EndGlobalSection
	GlobalSection(ExtensibilityGlobals) = postSolution
		SolutionGuid = {7C883036-A091-4178-B2CC-D4F42E016CA3}
	EndGlobalSection
EndGlobal
