
Microsoft Visual Studio Solution File, Format Version 12.00
# Visual Studio Version 17
VisualStudioVersion = 17.6.33815.320
MinimumVisualStudioVersion = 10.0.40219.1
Project("{9A19103F-16F7-4668-BE54-9A1E7A4F7556}") = "PollManagement.API", "PollManagement.API.csproj", "{EA5AEABB-E2D7-46C4-8B9D-62F1A9750D63}"
EndProject
Project("{9A19103F-16F7-4668-BE54-9A1E7A4F7556}") = "AzureStorageLibrary", "..\..\AzureStorageLibrary\AzureStorageLibrary.csproj", "{87541A72-F225-4D2F-81E2-014EAF4F1100}"
EndProject
Global
	GlobalSection(SolutionConfigurationPlatforms) = preSolution
		Debug|Any CPU = Debug|Any CPU
		Release|Any CPU = Release|Any CPU
	EndGlobalSection
	GlobalSection(ProjectConfigurationPlatforms) = postSolution
		{EA5AEABB-E2D7-46C4-8B9D-62F1A9750D63}.Debug|Any CPU.ActiveCfg = Debug|Any CPU
		{EA5AEABB-E2D7-46C4-8B9D-62F1A9750D63}.Debug|Any CPU.Build.0 = Debug|Any CPU
		{EA5AEABB-E2D7-46C4-8B9D-62F1A9750D63}.Release|Any CPU.ActiveCfg = Release|Any CPU
		{EA5AEABB-E2D7-46C4-8B9D-62F1A9750D63}.Release|Any CPU.Build.0 = Release|Any CPU
		{87541A72-F225-4D2F-81E2-014EAF4F1100}.Debug|Any CPU.ActiveCfg = Debug|Any CPU
		{87541A72-F225-4D2F-81E2-014EAF4F1100}.Debug|Any CPU.Build.0 = Debug|Any CPU
		{87541A72-F225-4D2F-81E2-014EAF4F1100}.Release|Any CPU.ActiveCfg = Release|Any CPU
		{87541A72-F225-4D2F-81E2-014EAF4F1100}.Release|Any CPU.Build.0 = Release|Any CPU
	EndGlobalSection
	GlobalSection(SolutionProperties) = preSolution
		HideSolutionNode = FALSE
	EndGlobalSection
	GlobalSection(ExtensibilityGlobals) = postSolution
		SolutionGuid = {B01223E5-39FB-4FC3-9BCF-65CDCE6A7C6A}
	EndGlobalSection
EndGlobal
